
Microsoft Visual Studio Solution File, Format Version 12.00
# Visual Studio 15
VisualStudioVersion = 15.0.27703.2026
MinimumVisualStudioVersion = 10.0.40219.1
Project("{9A19103F-16F7-4668-BE54-9A1E7A4F7556}") = "I_Built_A_Zoo", "I_Built_A_Zoo\I_Built_A_Zoo.csproj", "{130D9881-473B-4E5E-9C0D-AFAACA10885A}"
EndProject
Project("{FAE04EC0-301F-11D3-BF4B-00C04F79EFBC}") = "Zoo_Tests", "Zoo_Tests\Zoo_Tests.csproj", "{51627B2B-B231-4BF4-A03F-8878E41ECDD3}"
EndProject
Global
	GlobalSection(SolutionConfigurationPlatforms) = preSolution
		Debug|Any CPU = Debug|Any CPU
		Release|Any CPU = Release|Any CPU
	EndGlobalSection
	GlobalSection(ProjectConfigurationPlatforms) = postSolution
		{130D9881-473B-4E5E-9C0D-AFAACA10885A}.Debug|Any CPU.ActiveCfg = Debug|Any CPU
		{130D9881-473B-4E5E-9C0D-AFAACA10885A}.Debug|Any CPU.Build.0 = Debug|Any CPU
		{130D9881-473B-4E5E-9C0D-AFAACA10885A}.Release|Any CPU.ActiveCfg = Release|Any CPU
		{130D9881-473B-4E5E-9C0D-AFAACA10885A}.Release|Any CPU.Build.0 = Release|Any CPU
		{51627B2B-B231-4BF4-A03F-8878E41ECDD3}.Debug|Any CPU.ActiveCfg = Debug|Any CPU
		{51627B2B-B231-4BF4-A03F-8878E41ECDD3}.Debug|Any CPU.Build.0 = Debug|Any CPU
		{51627B2B-B231-4BF4-A03F-8878E41ECDD3}.Release|Any CPU.ActiveCfg = Release|Any CPU
		{51627B2B-B231-4BF4-A03F-8878E41ECDD3}.Release|Any CPU.Build.0 = Release|Any CPU
	EndGlobalSection
	GlobalSection(SolutionProperties) = preSolution
		HideSolutionNode = FALSE
	EndGlobalSection
	GlobalSection(ExtensibilityGlobals) = postSolution
		SolutionGuid = {70FB1CC8-DD00-40B8-877B-8160F336245A}
	EndGlobalSection
EndGlobal
